
Microsoft Visual Studio Solution File, Format Version 12.00
# Visual Studio Version 16
VisualStudioVersion = 16.0.32002.261
MinimumVisualStudioVersion = 10.0.40219.1
Project("{9A19103F-16F7-4668-BE54-9A1E7A4F7556}") = "Single_Responsibility_Principle", "Single_Responsibility_Principle\Single_Responsibility_Principle.csproj", "{09DBBD63-4317-4403-B9E6-8A8D11AF39A7}"
EndProject
Project("{9A19103F-16F7-4668-BE54-9A1E7A4F7556}") = "Open_Close_Principle", "Open_Close_Principle\Open_Close_Principle.csproj", "{36B90870-CCB9-421C-BCF5-D83B9B010341}"
EndProject
Project("{9A19103F-16F7-4668-BE54-9A1E7A4F7556}") = "Interface_Seggrigation_Principle", "Interface_Seggrigation_Principle\Interface_Seggrigation_Principle.csproj", "{F10F4E79-1E17-4070-862F-F85F44BDD8CD}"
EndProject
Project("{9A19103F-16F7-4668-BE54-9A1E7A4F7556}") = "Dependancy_Inverion_Principle", "Dependancy_Inverion_Principle\Dependancy_Inverion_Principle.csproj", "{D5E5781A-B92A-4DEB-AA55-101DBDD15496}"
EndProject
Project("{FAE04EC0-301F-11D3-BF4B-00C04F79EFBC}") = "Liskov Substitution Principle", "Liskov Substitution Principle\Liskov Substitution Principle.csproj", "{9E3A5C91-5AAA-441E-AF22-9483B9A156F2}"
EndProject
Global
	GlobalSection(SolutionConfigurationPlatforms) = preSolution
		Debug|Any CPU = Debug|Any CPU
		Release|Any CPU = Release|Any CPU
	EndGlobalSection
	GlobalSection(ProjectConfigurationPlatforms) = postSolution
		{09DBBD63-4317-4403-B9E6-8A8D11AF39A7}.Debug|Any CPU.ActiveCfg = Debug|Any CPU
		{09DBBD63-4317-4403-B9E6-8A8D11AF39A7}.Debug|Any CPU.Build.0 = Debug|Any CPU
		{09DBBD63-4317-4403-B9E6-8A8D11AF39A7}.Release|Any CPU.ActiveCfg = Release|Any CPU
		{09DBBD63-4317-4403-B9E6-8A8D11AF39A7}.Release|Any CPU.Build.0 = Release|Any CPU
		{36B90870-CCB9-421C-BCF5-D83B9B010341}.Debug|Any CPU.ActiveCfg = Debug|Any CPU
		{36B90870-CCB9-421C-BCF5-D83B9B010341}.Debug|Any CPU.Build.0 = Debug|Any CPU
		{36B90870-CCB9-421C-BCF5-D83B9B010341}.Release|Any CPU.ActiveCfg = Release|Any CPU
		{36B90870-CCB9-421C-BCF5-D83B9B010341}.Release|Any CPU.Build.0 = Release|Any CPU
		{F10F4E79-1E17-4070-862F-F85F44BDD8CD}.Debug|Any CPU.ActiveCfg = Debug|Any CPU
		{F10F4E79-1E17-4070-862F-F85F44BDD8CD}.Debug|Any CPU.Build.0 = Debug|Any CPU
		{F10F4E79-1E17-4070-862F-F85F44BDD8CD}.Release|Any CPU.ActiveCfg = Release|Any CPU
		{F10F4E79-1E17-4070-862F-F85F44BDD8CD}.Release|Any CPU.Build.0 = Release|Any CPU
		{D5E5781A-B92A-4DEB-AA55-101DBDD15496}.Debug|Any CPU.ActiveCfg = Debug|Any CPU
		{D5E5781A-B92A-4DEB-AA55-101DBDD15496}.Debug|Any CPU.Build.0 = Debug|Any CPU
		{D5E5781A-B92A-4DEB-AA55-101DBDD15496}.Release|Any CPU.ActiveCfg = Release|Any CPU
		{D5E5781A-B92A-4DEB-AA55-101DBDD15496}.Release|Any CPU.Build.0 = Release|Any CPU
		{9E3A5C91-5AAA-441E-AF22-9483B9A156F2}.Debug|Any CPU.ActiveCfg = Debug|Any CPU
		{9E3A5C91-5AAA-441E-AF22-9483B9A156F2}.Debug|Any CPU.Build.0 = Debug|Any CPU
		{9E3A5C91-5AAA-441E-AF22-9483B9A156F2}.Release|Any CPU.ActiveCfg = Release|Any CPU
		{9E3A5C91-5AAA-441E-AF22-9483B9A156F2}.Release|Any CPU.Build.0 = Release|Any CPU
	EndGlobalSection
	GlobalSection(SolutionProperties) = preSolution
		HideSolutionNode = FALSE
	EndGlobalSection
	GlobalSection(ExtensibilityGlobals) = postSolution
		SolutionGuid = {0210124B-EF00-4923-BA75-FE54F1018AD7}
	EndGlobalSection
EndGlobal
